# This file is automatically @generated by Cargo.
# It is not intended for manual editing.
version = 4

[[package]]
name = "ohos-deviceinfo"
version = "0.1.0"
dependencies = [
 "ohos-deviceinfo-sys",
]

[[package]]
name = "ohos-deviceinfo-sys"
version = "0.1.3"
source = "registry+https://github.com/rust-lang/crates.io-index"
checksum = "e847d268f96c5ad9d03fd6bd303f9529ab3a83019497fa1c1a585aac50c378ec"
